github.com/davecgh/go-spew v1.1.1 h1:vj9j/u1bqnvCEfJOwUhtlOARqs3+rkHYY13jYWTU97c=
github.com/davecgh/go-spew v1.1.1/go.mod h1:J7Y8YcW2NihsgmVo/mv3lAwl/skON4iLHjSsI+c5H38=
github.com/liyue201/gostl v1.2.0 h1:hiijDhO7u/hpJ9/UX7ffW8cbKCnOMn+eu5U79MJE0b8=
github.com/liyue201/gostl v1.2.0/go.mod h1:hmiO0/B1JgfZWtzpst0Y4VSu11iJvM6jHnRvINYB6Sg=
github.com/mohae/deepcopy v0.0.0-20170929034955-c48cc78d4826 h1:RWengNIwukTxcDr9M+97sNutRR1RKhG96O6jWumTTnw=
github.com/mohae/deepcopy v0.0.0-20170929034955-c48cc78d4826/go.mod h1:TaXosZuwdSHYgviHp1DAtfrULt5eUgsSMsZf+YrPgl8=
github.com/mxschmitt/golang-combinations v1.2.0 h1:V5E7MncIK8Yr1SL/SpdqMuSquFsfoIs5auI7Y3n8z14=
github.com/mxschmitt/golang-combinations v1.2.0/go.mod h1:RCm5eR03B+JrBOMRDLsKZWShluXdrHu+qwhPEJ0miBM=
golang.org/x/exp v0.0.0-20221114191408-850992195362 h1:NoHlPRbyl1VFI6FjwHtPQCN7wAMXI6cKcqrmXhOOfBQ=
golang.org/x/exp v0.0.0-20221114191408-850992195362/go.mod h1:CxIveKay+FTh1D0yPZemJVgC/95VzuuOLq5Qi4xnoYc=
gonum.org/v1/gonum v0.12.0 h1:xKuo6hzt+gMav00meVPUlXwSdoEJP46BR+wdxQEFK2o=
gonum.org/v1/gonum v0.12.0/go.mod h1:73TDxJfAAHeA8Mk9mf8NlIppyhQNo5GLTcYeqgo2lvY=
